// !$*UTF8*$!
{
	archiveVersion = 1;
	classes = {
	};
	objectVersion = 56;
	objects = {

/* Begin PBXBuildFile section */
		AA000001 /* BudgetAppApp.swift in Sources */ = {isa = PBXBuildFile; fileRef = AB000001; };
		AA000002 /* Config.swift in Sources */ = {isa = PBXBuildFile; fileRef = AB000002; };
		AA000003 /* User.swift in Sources */ = {isa = PBXBuildFile; fileRef = AB000003; };
		AA000004 /* Account.swift in Sources */ = {isa = PBXBuildFile; fileRef = AB000004; };
		AA000005 /* Transaction.swift in Sources */ = {isa = PBXBuildFile; fileRef = AB000005; };
		AA000006 /* Category.swift in Sources */ = {isa = PBXBuildFile; fileRef = AB000006; };
		AA000007 /* Budget.swift in Sources */ = {isa = PBXBuildFile; fileRef = AB000007; };
		AA000008 /* APIClient.swift in Sources */ = {isa = PBXBuildFile; fileRef = AB000008; };
		AA000009 /* KeychainHelper.swift in Sources */ = {isa = PBXBuildFile; fileRef = AB000009; };
		AA000010 /* AuthViewModel.swift in Sources */ = {isa = PBXBuildFile; fileRef = AB000010; };
		AA000011 /* DashboardViewModel.swift in Sources */ = {isa = PBXBuildFile; fileRef = AB000011; };
		AA000012 /* TransactionViewModel.swift in Sources */ = {isa = PBXBuildFile; fileRef = AB000012; };
		AA000013 /* LoginView.swift in Sources */ = {isa = PBXBuildFile; fileRef = AB000013; };
		AA000014 /* DashboardView.swift in Sources */ = {isa = PBXBuildFile; fileRef = AB000014; };
		AA000015 /* TransactionListView.swift in Sources */ = {isa = PBXBuildFile; fileRef = AB000015; };
		AA000016 /* AddTransactionView.swift in Sources */ = {isa = PBXBuildFile; fileRef = AB000016; };
		AA000017 /* BudgetView.swift in Sources */ = {isa = PBXBuildFile; fileRef = AB000017; };
		AA000020 /* BudgetChartView.swift in Sources */ = {isa = PBXBuildFile; fileRef = AB000020; };
		AA000021 /* BudgetChartViewModel.swift in Sources */ = {isa = PBXBuildFile; fileRef = AB000021; };
		AA000018 /* Assets.xcassets in Resources */ = {isa = PBXBuildFile; fileRef = AB000018; };
		AA000019 /* Preview Assets.xcassets in Resources */ = {isa = PBXBuildFile; fileRef = AB000019; };
/* End PBXBuildFile section */

/* Begin PBXFileReference section */
		AB000001 /* BudgetAppApp.swift */ = {isa = PBXFileReference; lastKnownFileType = sourcecode.swift; path = BudgetAppApp.swift; sourceTree = "<group>"; };
		AB000002 /* Config.swift */ = {isa = PBXFileReference; lastKnownFileType = sourcecode.swift; path = Config.swift; sourceTree = "<group>"; };
		AB000003 /* User.swift */ = {isa = PBXFileReference; lastKnownFileType = sourcecode.swift; path = User.swift; sourceTree = "<group>"; };
		AB000004 /* Account.swift */ = {isa = PBXFileReference; lastKnownFileType = sourcecode.swift; path = Account.swift; sourceTree = "<group>"; };
		AB000005 /* Transaction.swift */ = {isa = PBXFileReference; lastKnownFileType = sourcecode.swift; path = Transaction.swift; sourceTree = "<group>"; };
		AB000006 /* Category.swift */ = {isa = PBXFileReference; lastKnownFileType = sourcecode.swift; path = Category.swift; sourceTree = "<group>"; };
		AB000007 /* Budget.swift */ = {isa = PBXFileReference; lastKnownFileType = sourcecode.swift; path = Budget.swift; sourceTree = "<group>"; };
		AB000008 /* APIClient.swift */ = {isa = PBXFileReference; lastKnownFileType = sourcecode.swift; path = APIClient.swift; sourceTree = "<group>"; };
		AB000009 /* KeychainHelper.swift */ = {isa = PBXFileReference; lastKnownFileType = sourcecode.swift; path = KeychainHelper.swift; sourceTree = "<group>"; };
		AB000010 /* AuthViewModel.swift */ = {isa = PBXFileReference; lastKnownFileType = sourcecode.swift; path = AuthViewModel.swift; sourceTree = "<group>"; };
		AB000011 /* DashboardViewModel.swift */ = {isa = PBXFileReference; lastKnownFileType = sourcecode.swift; path = DashboardViewModel.swift; sourceTree = "<group>"; };
		AB000012 /* TransactionViewModel.swift */ = {isa = PBXFileReference; lastKnownFileType = sourcecode.swift; path = TransactionViewModel.swift; sourceTree = "<group>"; };
		AB000013 /* LoginView.swift */ = {isa = PBXFileReference; lastKnownFileType = sourcecode.swift; path = LoginView.swift; sourceTree = "<group>"; };
		AB000014 /* DashboardView.swift */ = {isa = PBXFileReference; lastKnownFileType = sourcecode.swift; path = DashboardView.swift; sourceTree = "<group>"; };
		AB000015 /* TransactionListView.swift */ = {isa = PBXFileReference; lastKnownFileType = sourcecode.swift; path = TransactionListView.swift; sourceTree = "<group>"; };
		AB000016 /* AddTransactionView.swift */ = {isa = PBXFileReference; lastKnownFileType = sourcecode.swift; path = AddTransactionView.swift; sourceTree = "<group>"; };
		AB000017 /* BudgetView.swift */ = {isa = PBXFileReference; lastKnownFileType = sourcecode.swift; path = BudgetView.swift; sourceTree = "<group>"; };
		AB000020 /* BudgetChartView.swift */ = {isa = PBXFileReference; lastKnownFileType = sourcecode.swift; path = BudgetChartView.swift; sourceTree = "<group>"; };
		AB000021 /* BudgetChartViewModel.swift */ = {isa = PBXFileReference; lastKnownFileType = sourcecode.swift; path = BudgetChartViewModel.swift; sourceTree = "<group>"; };
		AB000018 /* Assets.xcassets */ = {isa = PBXFileReference; lastKnownFileType = folder.assetcatalog; path = Assets.xcassets; sourceTree = "<group>"; };
		AB000019 /* Preview Assets.xcassets */ = {isa = PBXFileReference; lastKnownFileType = folder.assetcatalog; path = "Preview Assets.xcassets"; sourceTree = "<group>"; };
		AC000001 /* BudgetApp.app */ = {isa = PBXFileReference; explicitFileType = wrapper.application; includeInIndex = 0; path = BudgetApp.app; sourceTree = BUILT_PRODUCTS_DIR; };
/* End PBXFileReference section */

/* Begin PBXFrameworksBuildPhase section */
		AD000001 /* Frameworks */ = {
			isa = PBXFrameworksBuildPhase;
			buildActionMask = 2147483647;
			files = (
			);
			runOnlyForDeploymentPostprocessing = 0;
		};
/* End PBXFrameworksBuildPhase section */

/* Begin PBXGroup section */
		AE000001 = {
			isa = PBXGroup;
			children = (
				AE000002 /* BudgetApp */,
				AE000010 /* Products */,
			);
			sourceTree = "<group>";
		};
		AE000002 /* BudgetApp */ = {
			isa = PBXGroup;
			children = (
				AB000001 /* BudgetAppApp.swift */,
				AB000002 /* Config.swift */,
				AE000003 /* Models */,
				AE000004 /* Views */,
				AE000005 /* ViewModels */,
				AE000006 /* Services */,
				AB000018 /* Assets.xcassets */,
				AE000007 /* Preview Content */,
			);
			path = BudgetApp;
			sourceTree = "<group>";
		};
		AE000003 /* Models */ = {
			isa = PBXGroup;
			children = (
				AB000003 /* User.swift */,
				AB000004 /* Account.swift */,
				AB000005 /* Transaction.swift */,
				AB000006 /* Category.swift */,
				AB000007 /* Budget.swift */,
			);
			path = Models;
			sourceTree = "<group>";
		};
		AE000004 /* Views */ = {
			isa = PBXGroup;
			children = (
				AB000013 /* LoginView.swift */,
				AB000014 /* DashboardView.swift */,
				AB000015 /* TransactionListView.swift */,
				AB000016 /* AddTransactionView.swift */,
				AB000017 /* BudgetView.swift */,
				AB000020 /* BudgetChartView.swift */,
			);
			path = Views;
			sourceTree = "<group>";
		};
		AE000005 /* ViewModels */ = {
			isa = PBXGroup;
			children = (
				AB000010 /* AuthViewModel.swift */,
				AB000011 /* DashboardViewModel.swift */,
				AB000012 /* TransactionViewModel.swift */,
				AB000021 /* BudgetChartViewModel.swift */,
			);
			path = ViewModels;
			sourceTree = "<group>";
		};
		AE000006 /* Services */ = {
			isa = PBXGroup;
			children = (
				AB000008 /* APIClient.swift */,
				AB000009 /* KeychainHelper.swift */,
			);
			path = Services;
			sourceTree = "<group>";
		};
		AE000007 /* Preview Content */ = {
			isa = PBXGroup;
			children = (
				AB000019 /* Preview Assets.xcassets */,
			);
			path = "Preview Content";
			sourceTree = "<group>";
		};
		AE000010 /* Products */ = {
			isa = PBXGroup;
			children = (
				AC000001 /* BudgetApp.app */,
			);
			name = Products;
			sourceTree = "<group>";
		};
/* End PBXGroup section */

/* Begin PBXNativeTarget section */
		AF000001 /* BudgetApp */ = {
			isa = PBXNativeTarget;
			buildConfigurationList = B1000001 /* Build configuration list for PBXNativeTarget "BudgetApp" */;
			buildPhases = (
				B0000001 /* Sources */,
				AD000001 /* Frameworks */,
				B0000002 /* Resources */,
			);
			buildRules = (
			);
			dependencies = (
			);
			name = BudgetApp;
			productName = BudgetApp;
			productReference = AC000001 /* BudgetApp.app */;
			productType = "com.apple.product-type.application";
		};
/* End PBXNativeTarget section */

/* Begin PBXProject section */
		B2000001 /* Project object */ = {
			isa = PBXProject;
			attributes = {
				BuildIndependentTargetsInParallel = 1;
				LastSwiftUpdateCheck = 1540;
				LastUpgradeCheck = 1540;
			};
			buildConfigurationList = B1000002 /* Build configuration list for PBXProject "BudgetApp" */;
			compatibilityVersion = "Xcode 14.0";
			developmentRegion = fr;
			hasScannedForEncodings = 0;
			knownRegions = (
				en,
				Base,
				fr,
			);
			mainGroup = AE000001;
			productRefGroup = AE000010 /* Products */;
			projectDirPath = "";
			projectRoot = "";
			targets = (
				AF000001 /* BudgetApp */,
			);
		};
/* End PBXProject section */

/* Begin PBXResourcesBuildPhase section */
		B0000002 /* Resources */ = {
			isa = PBXResourcesBuildPhase;
			buildActionMask = 2147483647;
			files = (
				AA000018 /* Assets.xcassets in Resources */,
				AA000019 /* Preview Assets.xcassets in Resources */,
			);
			runOnlyForDeploymentPostprocessing = 0;
		};
/* End PBXResourcesBuildPhase section */

/* Begin PBXSourcesBuildPhase section */
		B0000001 /* Sources */ = {
			isa = PBXSourcesBuildPhase;
			buildActionMask = 2147483647;
			files = (
				AA000001 /* BudgetAppApp.swift in Sources */,
				AA000002 /* Config.swift in Sources */,
				AA000003 /* User.swift in Sources */,
				AA000004 /* Account.swift in Sources */,
				AA000005 /* Transaction.swift in Sources */,
				AA000006 /* Category.swift in Sources */,
				AA000007 /* Budget.swift in Sources */,
				AA000008 /* APIClient.swift in Sources */,
				AA000009 /* KeychainHelper.swift in Sources */,
				AA000010 /* AuthViewModel.swift in Sources */,
				AA000011 /* DashboardViewModel.swift in Sources */,
				AA000012 /* TransactionViewModel.swift in Sources */,
				AA000013 /* LoginView.swift in Sources */,
				AA000014 /* DashboardView.swift in Sources */,
				AA000015 /* TransactionListView.swift in Sources */,
				AA000016 /* AddTransactionView.swift in Sources */,
				AA000017 /* BudgetView.swift in Sources */,
				AA000020 /* BudgetChartView.swift in Sources */,
				AA000021 /* BudgetChartViewModel.swift in Sources */,
			);
			runOnlyForDeploymentPostprocessing = 0;
		};
/* End PBXSourcesBuildPhase section */

/* Begin XCBuildConfiguration section */
		B3000001 /* Debug */ = {
			isa = XCBuildConfiguration;
			buildSettings = {
				ALWAYS_SEARCH_USER_PATHS = NO;
				ASSETCATALOG_COMPILER_GENERATE_SWIFT_ASSET_SYMBOL_EXTENSIONS = YES;
				CLANG_ANALYZER_NONNULL = YES;
				CLANG_CXX_LANGUAGE_STANDARD = "gnu++20";
				CLANG_ENABLE_MODULES = YES;
				CLANG_ENABLE_OBJC_ARC = YES;
				COPY_PHASE_STRIP = NO;
				DEBUG_INFORMATION_FORMAT = dwarf;
				ENABLE_STRICT_OBJC_MSGSEND = YES;
				ENABLE_TESTABILITY = YES;
				GCC_DYNAMIC_NO_PIC = NO;
				GCC_OPTIMIZATION_LEVEL = 0;
				GCC_WARN_ABOUT_RETURN_TYPE = YES_ERROR;
				GCC_WARN_UNINITIALIZED_AUTOS = YES_AGGRESSIVE;
				IPHONEOS_DEPLOYMENT_TARGET = 17.0;
				MTL_ENABLE_DEBUG_INFO = INCLUDE_SOURCE;
				ONLY_ACTIVE_ARCH = YES;
				SDKROOT = iphoneos;
				SWIFT_ACTIVE_COMPILATION_CONDITIONS = "DEBUG $(inherited)";
				SWIFT_OPTIMIZATION_LEVEL = "-Onone";
			};
			name = Debug;
		};
		B3000002 /* Release */ = {
			isa = XCBuildConfiguration;
			buildSettings = {
				ALWAYS_SEARCH_USER_PATHS = NO;
				ASSETCATALOG_COMPILER_GENERATE_SWIFT_ASSET_SYMBOL_EXTENSIONS = YES;
				CLANG_ANALYZER_NONNULL = YES;
				CLANG_CXX_LANGUAGE_STANDARD = "gnu++20";
				CLANG_ENABLE_MODULES = YES;
				CLANG_ENABLE_OBJC_ARC = YES;
				COPY_PHASE_STRIP = NO;
				DEBUG_INFORMATION_FORMAT = "dwarf-with-dsym";
				ENABLE_NS_ASSERTIONS = NO;
				ENABLE_STRICT_OBJC_MSGSEND = YES;
				GCC_WARN_ABOUT_RETURN_TYPE = YES_ERROR;
				GCC_WARN_UNINITIALIZED_AUTOS = YES_AGGRESSIVE;
				IPHONEOS_DEPLOYMENT_TARGET = 17.0;
				SDKROOT = iphoneos;
				SWIFT_COMPILATION_MODE = wholemodule;
				VALIDATE_PRODUCT = YES;
			};
			name = Release;
		};
		B3000003 /* Debug */ = {
			isa = XCBuildConfiguration;
			buildSettings = {
				ASSETCATALOG_COMPILER_APPICON_NAME = AppIcon;
				ASSETCATALOG_COMPILER_GLOBAL_ACCENT_COLOR_NAME = AccentColor;
				CODE_SIGN_STYLE = Automatic;
				CURRENT_PROJECT_VERSION = 1;
				DEVELOPMENT_ASSET_PATHS = "\"BudgetApp/Preview Content\"";
				ENABLE_PREVIEWS = YES;
				GENERATE_INFOPLIST_FILE = YES;
				INFOPLIST_KEY_CFBundleDisplayName = "Mon Budget";
				INFOPLIST_KEY_UIApplicationSceneManifest_Generation = YES;
				INFOPLIST_KEY_UIApplicationSupportsIndirectInputEvents = YES;
				INFOPLIST_KEY_UILaunchScreen_Generation = YES;
				INFOPLIST_KEY_UISupportedInterfaceOrientations_iPad = "UIInterfaceOrientationPortrait UIInterfaceOrientationPortraitUpsideDown UIInterfaceOrientationLandscapeLeft UIInterfaceOrientationLandscapeRight";
				INFOPLIST_KEY_UISupportedInterfaceOrientations_iPhone = "UIInterfaceOrientationPortrait UIInterfaceOrientationLandscapeLeft UIInterfaceOrientationLandscapeRight";
				LD_RUNPATH_SEARCH_PATHS = (
					"$(inherited)",
					"@executable_path/Frameworks",
				);
				MARKETING_VERSION = 1.0;
				PRODUCT_BUNDLE_IDENTIFIER = fr.mondomaine.budget;
				PRODUCT_NAME = "$(TARGET_NAME)";
				SWIFT_EMIT_LOC_STRINGS = YES;
				SWIFT_VERSION = 5.0;
				TARGETED_DEVICE_FAMILY = "1,2";
			};
			name = Debug;
		};
		B3000004 /* Release */ = {
			isa = XCBuildConfiguration;
			buildSettings = {
				ASSETCATALOG_COMPILER_APPICON_NAME = AppIcon;
				ASSETCATALOG_COMPILER_GLOBAL_ACCENT_COLOR_NAME = AccentColor;
				CODE_SIGN_STYLE = Automatic;
				CURRENT_PROJECT_VERSION = 1;
				DEVELOPMENT_ASSET_PATHS = "\"BudgetApp/Preview Content\"";
				ENABLE_PREVIEWS = YES;
				GENERATE_INFOPLIST_FILE = YES;
				INFOPLIST_KEY_CFBundleDisplayName = "Mon Budget";
				INFOPLIST_KEY_UIApplicationSceneManifest_Generation = YES;
				INFOPLIST_KEY_UIApplicationSupportsIndirectInputEvents = YES;
				INFOPLIST_KEY_UILaunchScreen_Generation = YES;
				INFOPLIST_KEY_UISupportedInterfaceOrientations_iPad = "UIInterfaceOrientationPortrait UIInterfaceOrientationPortraitUpsideDown UIInterfaceOrientationLandscapeLeft UIInterfaceOrientationLandscapeRight";
				INFOPLIST_KEY_UISupportedInterfaceOrientations_iPhone = "UIInterfaceOrientationPortrait UIInterfaceOrientationLandscapeLeft UIInterfaceOrientationLandscapeRight";
				LD_RUNPATH_SEARCH_PATHS = (
					"$(inherited)",
					"@executable_path/Frameworks",
				);
				MARKETING_VERSION = 1.0;
				PRODUCT_BUNDLE_IDENTIFIER = fr.mondomaine.budget;
				PRODUCT_NAME = "$(TARGET_NAME)";
				SWIFT_EMIT_LOC_STRINGS = YES;
				SWIFT_VERSION = 5.0;
				TARGETED_DEVICE_FAMILY = "1,2";
			};
			name = Release;
		};
/* End XCBuildConfiguration section */

/* Begin XCConfigurationList section */
		B1000001 /* Build configuration list for PBXNativeTarget "BudgetApp" */ = {
			isa = XCConfigurationList;
			buildConfigurations = (
				B3000003 /* Debug */,
				B3000004 /* Release */,
			);
			defaultConfigurationIsVisible = 0;
			defaultConfigurationName = Release;
		};
		B1000002 /* Build configuration list for PBXProject "BudgetApp" */ = {
			isa = XCConfigurationList;
			buildConfigurations = (
				B3000001 /* Debug */,
				B3000002 /* Release */,
			);
			defaultConfigurationIsVisible = 0;
			defaultConfigurationName = Release;
		};
/* End XCConfigurationList section */

	};
	rootObject = B2000001 /* Project object */;
}
